// !$*UTF8*$!
{
	archiveVersion = 1;
	classes = {
	};
	objectVersion = 56;
	objects = {

/* Begin PBXBuildFile section */
		B664C79B290563DE00B4ECF9 /* Mugen_Reader_V2App.swift in Sources */ = {isa = PBXBuildFile; fileRef = B664C79A290563DE00B4ECF9 /* Mugen_Reader_V2App.swift */; };
		B664C79D290563DE00B4ECF9 /* ContentView.swift in Sources */ = {isa = PBXBuildFile; fileRef = B664C79C290563DE00B4ECF9 /* ContentView.swift */; };
		B664C79F290563DF00B4ECF9 /* Assets.xcassets in Resources */ = {isa = PBXBuildFile; fileRef = B664C79E290563DF00B4ECF9 /* Assets.xcassets */; };
		B664C7A2290563DF00B4ECF9 /* Preview Assets.xcassets in Resources */ = {isa = PBXBuildFile; fileRef = B664C7A1290563DF00B4ECF9 /* Preview Assets.xcassets */; };
		B664C7AA290565BA00B4ECF9 /* Manga.swift in Sources */ = {isa = PBXBuildFile; fileRef = B664C7A9290565BA00B4ECF9 /* Manga.swift */; };
		B66638AD2937CD800072B2D3 /* MangaDescription.swift in Sources */ = {isa = PBXBuildFile; fileRef = B66638AC2937CD800072B2D3 /* MangaDescription.swift */; };
		B66638AF2937CF090072B2D3 /* ReadingList.swift in Sources */ = {isa = PBXBuildFile; fileRef = B66638AE2937CF090072B2D3 /* ReadingList.swift */; };
		B675335329154A1C00FF9FAA /* ChaptersView.swift in Sources */ = {isa = PBXBuildFile; fileRef = B675335229154A1C00FF9FAA /* ChaptersView.swift */; };
		B675335529154B6D00FF9FAA /* Chapter.swift in Sources */ = {isa = PBXBuildFile; fileRef = B675335429154B6D00FF9FAA /* Chapter.swift */; };
		B6968DAF2938C3ED001E1642 /* Downloads.swift in Sources */ = {isa = PBXBuildFile; fileRef = B6968DAE2938C3ED001E1642 /* Downloads.swift */; };
		B698ECFA2918216F009F8AA6 /* CachedAsyncImage.swift in Sources */ = {isa = PBXBuildFile; fileRef = B698ECF92918216F009F8AA6 /* CachedAsyncImage.swift */; };
		B6A630172948E64D00B51F6C /* DownloadingManga.swift in Sources */ = {isa = PBXBuildFile; fileRef = B6A630162948E64D00B51F6C /* DownloadingManga.swift */; };
		B6E6800429337578007ED203 /* LastReadChapter.swift in Sources */ = {isa = PBXBuildFile; fileRef = B6E6800329337578007ED203 /* LastReadChapter.swift */; };
/* End PBXBuildFile section */

/* Begin PBXFileReference section */
		B664C797290563DE00B4ECF9 /* Mugen Reader V2.app */ = {isa = PBXFileReference; explicitFileType = wrapper.application; includeInIndex = 0; path = "Mugen Reader V2.app"; sourceTree = BUILT_PRODUCTS_DIR; };
		B664C79A290563DE00B4ECF9 /* Mugen_Reader_V2App.swift */ = {isa = PBXFileReference; lastKnownFileType = sourcecode.swift; path = Mugen_Reader_V2App.swift; sourceTree = "<group>"; };
		B664C79C290563DE00B4ECF9 /* ContentView.swift */ = {isa = PBXFileReference; lastKnownFileType = sourcecode.swift; path = ContentView.swift; sourceTree = "<group>"; };
		B664C79E290563DF00B4ECF9 /* Assets.xcassets */ = {isa = PBXFileReference; lastKnownFileType = folder.assetcatalog; path = Assets.xcassets; sourceTree = "<group>"; };
		B664C7A1290563DF00B4ECF9 /* Preview Assets.xcassets */ = {isa = PBXFileReference; lastKnownFileType = folder.assetcatalog; path = "Preview Assets.xcassets"; sourceTree = "<group>"; };
		B664C7A9290565BA00B4ECF9 /* Manga.swift */ = {isa = PBXFileReference; lastKnownFileType = sourcecode.swift; path = Manga.swift; sourceTree = "<group>"; };
		B66638AC2937CD800072B2D3 /* MangaDescription.swift */ = {isa = PBXFileReference; lastKnownFileType = sourcecode.swift; path = MangaDescription.swift; sourceTree = "<group>"; };
		B66638AE2937CF090072B2D3 /* ReadingList.swift */ = {isa = PBXFileReference; lastKnownFileType = sourcecode.swift; path = ReadingList.swift; sourceTree = "<group>"; };
		B675335229154A1C00FF9FAA /* ChaptersView.swift */ = {isa = PBXFileReference; lastKnownFileType = sourcecode.swift; path = ChaptersView.swift; sourceTree = "<group>"; };
		B675335429154B6D00FF9FAA /* Chapter.swift */ = {isa = PBXFileReference; lastKnownFileType = sourcecode.swift; path = Chapter.swift; sourceTree = "<group>"; };
		B6968DAE2938C3ED001E1642 /* Downloads.swift */ = {isa = PBXFileReference; lastKnownFileType = sourcecode.swift; path = Downloads.swift; sourceTree = "<group>"; };
		B698ECF92918216F009F8AA6 /* CachedAsyncImage.swift */ = {isa = PBXFileReference; lastKnownFileType = sourcecode.swift; path = CachedAsyncImage.swift; sourceTree = "<group>"; };
		B6A630162948E64D00B51F6C /* DownloadingManga.swift */ = {isa = PBXFileReference; lastKnownFileType = sourcecode.swift; path = DownloadingManga.swift; sourceTree = "<group>"; };
		B6E6800329337578007ED203 /* LastReadChapter.swift */ = {isa = PBXFileReference; lastKnownFileType = sourcecode.swift; path = LastReadChapter.swift; sourceTree = "<group>"; };
/* End PBXFileReference section */

/* Begin PBXFrameworksBuildPhase section */
		B664C794290563DE00B4ECF9 /* Frameworks */ = {
			isa = PBXFrameworksBuildPhase;
			buildActionMask = 2147483647;
			files = (
			);
			runOnlyForDeploymentPostprocessing = 0;
		};
/* End PBXFrameworksBuildPhase section */

/* Begin PBXGroup section */
		B664C78E290563DE00B4ECF9 = {
			isa = PBXGroup;
			children = (
				B664C799290563DE00B4ECF9 /* Mugen Reader V2 */,
				B664C798290563DE00B4ECF9 /* Products */,
			);
			sourceTree = "<group>";
		};
		B664C798290563DE00B4ECF9 /* Products */ = {
			isa = PBXGroup;
			children = (
				B664C797290563DE00B4ECF9 /* Mugen Reader V2.app */,
			);
			name = Products;
			sourceTree = "<group>";
		};
		B664C799290563DE00B4ECF9 /* Mugen Reader V2 */ = {
			isa = PBXGroup;
			children = (
				B664C79E290563DF00B4ECF9 /* Assets.xcassets */,
				B664C79A290563DE00B4ECF9 /* Mugen_Reader_V2App.swift */,
				B698ECFB29182176009F8AA6 /* Libraries */,
				B664C7AB290565D600B4ECF9 /* Models */,
				B664C7A82905658300B4ECF9 /* Views */,
				B664C7A0290563DF00B4ECF9 /* Preview Content */,
			);
			path = "Mugen Reader V2";
			sourceTree = "<group>";
		};
		B664C7A0290563DF00B4ECF9 /* Preview Content */ = {
			isa = PBXGroup;
			children = (
				B664C7A1290563DF00B4ECF9 /* Preview Assets.xcassets */,
			);
			path = "Preview Content";
			sourceTree = "<group>";
		};
		B664C7A82905658300B4ECF9 /* Views */ = {
			isa = PBXGroup;
			children = (
				B664C79C290563DE00B4ECF9 /* ContentView.swift */,
				B675335229154A1C00FF9FAA /* ChaptersView.swift */,
				B66638AC2937CD800072B2D3 /* MangaDescription.swift */,
				B66638AE2937CF090072B2D3 /* ReadingList.swift */,
				B6968DAE2938C3ED001E1642 /* Downloads.swift */,
			);
			path = Views;
			sourceTree = "<group>";
		};
		B664C7AB290565D600B4ECF9 /* Models */ = {
			isa = PBXGroup;
			children = (
				B664C7A9290565BA00B4ECF9 /* Manga.swift */,
				B675335429154B6D00FF9FAA /* Chapter.swift */,
				B6E6800329337578007ED203 /* LastReadChapter.swift */,
				B6A630162948E64D00B51F6C /* DownloadingManga.swift */,
			);
			path = Models;
			sourceTree = "<group>";
		};
		B698ECFB29182176009F8AA6 /* Libraries */ = {
			isa = PBXGroup;
			children = (
				B698ECF92918216F009F8AA6 /* CachedAsyncImage.swift */,
			);
			path = Libraries;
			sourceTree = "<group>";
		};
/* End PBXGroup section */

/* Begin PBXNativeTarget section */
		B664C796290563DE00B4ECF9 /* Mugen Reader V2 */ = {
			isa = PBXNativeTarget;
			buildConfigurationList = B664C7A5290563DF00B4ECF9 /* Build configuration list for PBXNativeTarget "Mugen Reader V2" */;
			buildPhases = (
				B664C793290563DE00B4ECF9 /* Sources */,
				B664C794290563DE00B4ECF9 /* Frameworks */,
				B664C795290563DE00B4ECF9 /* Resources */,
			);
			buildRules = (
			);
			dependencies = (
			);
			name = "Mugen Reader V2";
			productName = "Mugen Reader V2";
			productReference = B664C797290563DE00B4ECF9 /* Mugen Reader V2.app */;
			productType = "com.apple.product-type.application";
		};
/* End PBXNativeTarget section */

/* Begin PBXProject section */
		B664C78F290563DE00B4ECF9 /* Project object */ = {
			isa = PBXProject;
			attributes = {
				BuildIndependentTargetsInParallel = 1;
				LastSwiftUpdateCheck = 1400;
				LastUpgradeCheck = 1400;
				TargetAttributes = {
					B664C796290563DE00B4ECF9 = {
						CreatedOnToolsVersion = 14.0.1;
					};
				};
			};
			buildConfigurationList = B664C792290563DE00B4ECF9 /* Build configuration list for PBXProject "Mugen Reader V2" */;
			compatibilityVersion = "Xcode 14.0";
			developmentRegion = en;
			hasScannedForEncodings = 0;
			knownRegions = (
				en,
				Base,
			);
			mainGroup = B664C78E290563DE00B4ECF9;
			productRefGroup = B664C798290563DE00B4ECF9 /* Products */;
			projectDirPath = "";
			projectRoot = "";
			targets = (
				B664C796290563DE00B4ECF9 /* Mugen Reader V2 */,
			);
		};
/* End PBXProject section */

/* Begin PBXResourcesBuildPhase section */
		B664C795290563DE00B4ECF9 /* Resources */ = {
			isa = PBXResourcesBuildPhase;
			buildActionMask = 2147483647;
			files = (
				B664C7A2290563DF00B4ECF9 /* Preview Assets.xcassets in Resources */,
				B664C79F290563DF00B4ECF9 /* Assets.xcassets in Resources */,
			);
			runOnlyForDeploymentPostprocessing = 0;
		};
/* End PBXResourcesBuildPhase section */

/* Begin PBXSourcesBuildPhase section */
		B664C793290563DE00B4ECF9 /* Sources */ = {
			isa = PBXSourcesBuildPhase;
			buildActionMask = 2147483647;
			files = (
				B664C7AA290565BA00B4ECF9 /* Manga.swift in Sources */,
				B6A630172948E64D00B51F6C /* DownloadingManga.swift in Sources */,
				B6968DAF2938C3ED001E1642 /* Downloads.swift in Sources */,
				B66638AD2937CD800072B2D3 /* MangaDescription.swift in Sources */,
				B675335529154B6D00FF9FAA /* Chapter.swift in Sources */,
				B664C79D290563DE00B4ECF9 /* ContentView.swift in Sources */,
				B675335329154A1C00FF9FAA /* ChaptersView.swift in Sources */,
				B698ECFA2918216F009F8AA6 /* CachedAsyncImage.swift in Sources */,
				B6E6800429337578007ED203 /* LastReadChapter.swift in Sources */,
				B664C79B290563DE00B4ECF9 /* Mugen_Reader_V2App.swift in Sources */,
				B66638AF2937CF090072B2D3 /* ReadingList.swift in Sources */,
			);
			runOnlyForDeploymentPostprocessing = 0;
		};
/* End PBXSourcesBuildPhase section */

/* Begin XCBuildConfiguration section */
		B664C7A3290563DF00B4ECF9 /* Debug */ = {
			isa = XCBuildConfiguration;
			buildSettings = {
				ALWAYS_SEARCH_USER_PATHS = NO;
				CLANG_ANALYZER_NONNULL = YES;
				CLANG_ANALYZER_NUMBER_OBJECT_CONVERSION = YES_AGGRESSIVE;
				CLANG_CXX_LANGUAGE_STANDARD = "gnu++20";
				CLANG_ENABLE_MODULES = YES;
				CLANG_ENABLE_OBJC_ARC = YES;
				CLANG_ENABLE_OBJC_WEAK = YES;
				CLANG_WARN_BLOCK_CAPTURE_AUTORELEASING = YES;
				CLANG_WARN_BOOL_CONVERSION = YES;
				CLANG_WARN_COMMA = YES;
				CLANG_WARN_CONSTANT_CONVERSION = YES;
				CLANG_WARN_DEPRECATED_OBJC_IMPLEMENTATIONS = YES;
				CLANG_WARN_DIRECT_OBJC_ISA_USAGE = YES_ERROR;
				CLANG_WARN_DOCUMENTATION_COMMENTS = YES;
				CLANG_WARN_EMPTY_BODY = YES;
				CLANG_WARN_ENUM_CONVERSION = YES;
				CLANG_WARN_INFINITE_RECURSION = YES;
				CLANG_WARN_INT_CONVERSION = YES;
				CLANG_WARN_NON_LITERAL_NULL_CONVERSION = YES;
				CLANG_WARN_OBJC_IMPLICIT_RETAIN_SELF = YES;
				CLANG_WARN_OBJC_LITERAL_CONVERSION = YES;
				CLANG_WARN_OBJC_ROOT_CLASS = YES_ERROR;
				CLANG_WARN_QUOTED_INCLUDE_IN_FRAMEWORK_HEADER = YES;
				CLANG_WARN_RANGE_LOOP_ANALYSIS = YES;
				CLANG_WARN_STRICT_PROTOTYPES = YES;
				CLANG_WARN_SUSPICIOUS_MOVE = YES;
				CLANG_WARN_UNGUARDED_AVAILABILITY = YES_AGGRESSIVE;
				CLANG_WARN_UNREACHABLE_CODE = YES;
				CLANG_WARN__DUPLICATE_METHOD_MATCH = YES;
				COPY_PHASE_STRIP = NO;
				DEBUG_INFORMATION_FORMAT = dwarf;
				ENABLE_STRICT_OBJC_MSGSEND = YES;
				ENABLE_TESTABILITY = YES;
				GCC_C_LANGUAGE_STANDARD = gnu11;
				GCC_DYNAMIC_NO_PIC = NO;
				GCC_NO_COMMON_BLOCKS = YES;
				GCC_OPTIMIZATION_LEVEL = 0;
				GCC_PREPROCESSOR_DEFINITIONS = (
					"DEBUG=1",
					"$(inherited)",
				);
				GCC_WARN_64_TO_32_BIT_CONVERSION = YES;
				GCC_WARN_ABOUT_RETURN_TYPE = YES_ERROR;
				GCC_WARN_UNDECLARED_SELECTOR = YES;
				GCC_WARN_UNINITIALIZED_AUTOS = YES_AGGRESSIVE;
				GCC_WARN_UNUSED_FUNCTION = YES;
				GCC_WARN_UNUSED_VARIABLE = YES;
				IPHONEOS_DEPLOYMENT_TARGET = 16.0;
				MTL_ENABLE_DEBUG_INFO = INCLUDE_SOURCE;
				MTL_FAST_MATH = YES;
				ONLY_ACTIVE_ARCH = YES;
				SDKROOT = iphoneos;
				SWIFT_ACTIVE_COMPILATION_CONDITIONS = DEBUG;
				SWIFT_OPTIMIZATION_LEVEL = "-Onone";
			};
			name = Debug;
		};
		B664C7A4290563DF00B4ECF9 /* Release */ = {
			isa = XCBuildConfiguration;
			buildSettings = {
				ALWAYS_SEARCH_USER_PATHS = NO;
				CLANG_ANALYZER_NONNULL = YES;
				CLANG_ANALYZER_NUMBER_OBJECT_CONVERSION = YES_AGGRESSIVE;
				CLANG_CXX_LANGUAGE_STANDARD = "gnu++20";
				CLANG_ENABLE_MODULES = YES;
				CLANG_ENABLE_OBJC_ARC = YES;
				CLANG_ENABLE_OBJC_WEAK = YES;
				CLANG_WARN_BLOCK_CAPTURE_AUTORELEASING = YES;
				CLANG_WARN_BOOL_CONVERSION = YES;
				CLANG_WARN_COMMA = YES;
				CLANG_WARN_CONSTANT_CONVERSION = YES;
				CLANG_WARN_DEPRECATED_OBJC_IMPLEMENTATIONS = YES;
				CLANG_WARN_DIRECT_OBJC_ISA_USAGE = YES_ERROR;
				CLANG_WARN_DOCUMENTATION_COMMENTS = YES;
				CLANG_WARN_EMPTY_BODY = YES;
				CLANG_WARN_ENUM_CONVERSION = YES;
				CLANG_WARN_INFINITE_RECURSION = YES;
				CLANG_WARN_INT_CONVERSION = YES;
				CLANG_WARN_NON_LITERAL_NULL_CONVERSION = YES;
				CLANG_WARN_OBJC_IMPLICIT_RETAIN_SELF = YES;
				CLANG_WARN_OBJC_LITERAL_CONVERSION = YES;
				CLANG_WARN_OBJC_ROOT_CLASS = YES_ERROR;
				CLANG_WARN_QUOTED_INCLUDE_IN_FRAMEWORK_HEADER = YES;
				CLANG_WARN_RANGE_LOOP_ANALYSIS = YES;
				CLANG_WARN_STRICT_PROTOTYPES = YES;
				CLANG_WARN_SUSPICIOUS_MOVE = YES;
				CLANG_WARN_UNGUARDED_AVAILABILITY = YES_AGGRESSIVE;
				CLANG_WARN_UNREACHABLE_CODE = YES;
				CLANG_WARN__DUPLICATE_METHOD_MATCH = YES;
				COPY_PHASE_STRIP = NO;
				DEBUG_INFORMATION_FORMAT = "dwarf-with-dsym";
				ENABLE_NS_ASSERTIONS = NO;
				ENABLE_STRICT_OBJC_MSGSEND = YES;
				GCC_C_LANGUAGE_STANDARD = gnu11;
				GCC_NO_COMMON_BLOCKS = YES;
				GCC_WARN_64_TO_32_BIT_CONVERSION = YES;
				GCC_WARN_ABOUT_RETURN_TYPE = YES_ERROR;
				GCC_WARN_UNDECLARED_SELECTOR = YES;
				GCC_WARN_UNINITIALIZED_AUTOS = YES_AGGRESSIVE;
				GCC_WARN_UNUSED_FUNCTION = YES;
				GCC_WARN_UNUSED_VARIABLE = YES;
				IPHONEOS_DEPLOYMENT_TARGET = 16.0;
				MTL_ENABLE_DEBUG_INFO = NO;
				MTL_FAST_MATH = YES;
				SDKROOT = iphoneos;
				SWIFT_COMPILATION_MODE = wholemodule;
				SWIFT_OPTIMIZATION_LEVEL = "-O";
				VALIDATE_PRODUCT = YES;
			};
			name = Release;
		};
		B664C7A6290563DF00B4ECF9 /* Debug */ = {
			isa = XCBuildConfiguration;
			buildSettings = {
				ASSETCATALOG_COMPILER_APPICON_NAME = AppIcon;
				ASSETCATALOG_COMPILER_GLOBAL_ACCENT_COLOR_NAME = AccentColor;
				CODE_SIGN_STYLE = Automatic;
				CURRENT_PROJECT_VERSION = 1;
				DEVELOPMENT_ASSET_PATHS = "\"Mugen Reader V2/Preview Content\"";
				DEVELOPMENT_TEAM = 5UJL58M7XY;
				ENABLE_PREVIEWS = YES;
				GENERATE_INFOPLIST_FILE = YES;
				INFOPLIST_KEY_UIApplicationSceneManifest_Generation = YES;
				INFOPLIST_KEY_UIApplicationSupportsIndirectInputEvents = YES;
				INFOPLIST_KEY_UILaunchScreen_Generation = YES;
				INFOPLIST_KEY_UISupportedInterfaceOrientations_iPad = "UIInterfaceOrientationPortrait UIInterfaceOrientationPortraitUpsideDown UIInterfaceOrientationLandscapeLeft UIInterfaceOrientationLandscapeRight";
				INFOPLIST_KEY_UISupportedInterfaceOrientations_iPhone = "UIInterfaceOrientationPortrait UIInterfaceOrientationLandscapeLeft UIInterfaceOrientationLandscapeRight";
				LD_RUNPATH_SEARCH_PATHS = (
					"$(inherited)",
					"@executable_path/Frameworks",
				);
				MARKETING_VERSION = 1.0;
				PRODUCT_BUNDLE_IDENTIFIER = "Rad.Mugen.Mugen-Reader-V2";
				PRODUCT_NAME = "$(TARGET_NAME)";
				SWIFT_EMIT_LOC_STRINGS = YES;
				SWIFT_VERSION = 5.0;
				TARGETED_DEVICE_FAMILY = "1,2";
			};
			name = Debug;
		};
		B664C7A7290563DF00B4ECF9 /* Release */ = {
			isa = XCBuildConfiguration;
			buildSettings = {
				ASSETCATALOG_COMPILER_APPICON_NAME = AppIcon;
				ASSETCATALOG_COMPILER_GLOBAL_ACCENT_COLOR_NAME = AccentColor;
				CODE_SIGN_STYLE = Automatic;
				CURRENT_PROJECT_VERSION = 1;
				DEVELOPMENT_ASSET_PATHS = "\"Mugen Reader V2/Preview Content\"";
				DEVELOPMENT_TEAM = 5UJL58M7XY;
				ENABLE_PREVIEWS = YES;
				GENERATE_INFOPLIST_FILE = YES;
				INFOPLIST_KEY_UIApplicationSceneManifest_Generation = YES;
				INFOPLIST_KEY_UIApplicationSupportsIndirectInputEvents = YES;
				INFOPLIST_KEY_UILaunchScreen_Generation = YES;
				INFOPLIST_KEY_UISupportedInterfaceOrientations_iPad = "UIInterfaceOrientationPortrait UIInterfaceOrientationPortraitUpsideDown UIInterfaceOrientationLandscapeLeft UIInterfaceOrientationLandscapeRight";
				INFOPLIST_KEY_UISupportedInterfaceOrientations_iPhone = "UIInterfaceOrientationPortrait UIInterfaceOrientationLandscapeLeft UIInterfaceOrientationLandscapeRight";
				LD_RUNPATH_SEARCH_PATHS = (
					"$(inherited)",
					"@executable_path/Frameworks",
				);
				MARKETING_VERSION = 1.0;
				PRODUCT_BUNDLE_IDENTIFIER = "Rad.Mugen.Mugen-Reader-V2";
				PRODUCT_NAME = "$(TARGET_NAME)";
				SWIFT_EMIT_LOC_STRINGS = YES;
				SWIFT_VERSION = 5.0;
				TARGETED_DEVICE_FAMILY = "1,2";
			};
			name = Release;
		};
/* End XCBuildConfiguration section */

/* Begin XCConfigurationList section */
		B664C792290563DE00B4ECF9 /* Build configuration list for PBXProject "Mugen Reader V2" */ = {
			isa = XCConfigurationList;
			buildConfigurations = (
				B664C7A3290563DF00B4ECF9 /* Debug */,
				B664C7A4290563DF00B4ECF9 /* Release */,
			);
			defaultConfigurationIsVisible = 0;
			defaultConfigurationName = Release;
		};
		B664C7A5290563DF00B4ECF9 /* Build configuration list for PBXNativeTarget "Mugen Reader V2" */ = {
			isa = XCConfigurationList;
			buildConfigurations = (
				B664C7A6290563DF00B4ECF9 /* Debug */,
				B664C7A7290563DF00B4ECF9 /* Release */,
			);
			defaultConfigurationIsVisible = 0;
			defaultConfigurationName = Release;
		};
/* End XCConfigurationList section */
	};
	rootObject = B664C78F290563DE00B4ECF9 /* Project object */;
}
